// !$*UTF8*$!
{
	archiveVersion = 1;
	classes = {
	};
	objectVersion = 56;
	objects = {

/* Begin PBXBuildFile section */
		BFAFF74629866E2800C9D53F /* AppDelegate.swift in Sources */ = {isa = PBXBuildFile; fileRef = BFAFF74529866E2800C9D53F /* AppDelegate.swift */; };
		BFAFF74829866E2800C9D53F /* SceneDelegate.swift in Sources */ = {isa = PBXBuildFile; fileRef = BFAFF74729866E2800C9D53F /* SceneDelegate.swift */; };
		BFAFF74A29866E2800C9D53F /* ViewController.swift in Sources */ = {isa = PBXBuildFile; fileRef = BFAFF74929866E2800C9D53F /* ViewController.swift */; };
		BFAFF74D29866E2800C9D53F /* Main.storyboard in Resources */ = {isa = PBXBuildFile; fileRef = BFAFF74B29866E2800C9D53F /* Main.storyboard */; };
		BFAFF74F29866E2A00C9D53F /* Assets.xcassets in Resources */ = {isa = PBXBuildFile; fileRef = BFAFF74E29866E2A00C9D53F /* Assets.xcassets */; };
		BFAFF75229866E2A00C9D53F /* LaunchScreen.storyboard in Resources */ = {isa = PBXBuildFile; fileRef = BFAFF75029866E2A00C9D53F /* LaunchScreen.storyboard */; };
		BFAFF75A2986747100C9D53F /* Combine+UIControlPublisher.swift in Sources */ = {isa = PBXBuildFile; fileRef = BFAFF7592986747100C9D53F /* Combine+UIControlPublisher.swift */; };
		BFAFF75C298676AF00C9D53F /* ControlPublishable.swift in Sources */ = {isa = PBXBuildFile; fileRef = BFAFF75B298676AF00C9D53F /* ControlPublishable.swift */; };
		BFAFF75E298678EE00C9D53F /* UISlider+valuePublisher.swift in Sources */ = {isa = PBXBuildFile; fileRef = BFAFF75D298678EE00C9D53F /* UISlider+valuePublisher.swift */; };
/* End PBXBuildFile section */

/* Begin PBXFileReference section */
		BFAFF74229866E2800C9D53F /* ExampleApp-UIControlPublisher.app */ = {isa = PBXFileReference; explicitFileType = wrapper.application; includeInIndex = 0; path = "ExampleApp-UIControlPublisher.app"; sourceTree = BUILT_PRODUCTS_DIR; };
		BFAFF74529866E2800C9D53F /* AppDelegate.swift */ = {isa = PBXFileReference; lastKnownFileType = sourcecode.swift; path = AppDelegate.swift; sourceTree = "<group>"; };
		BFAFF74729866E2800C9D53F /* SceneDelegate.swift */ = {isa = PBXFileReference; lastKnownFileType = sourcecode.swift; path = SceneDelegate.swift; sourceTree = "<group>"; };
		BFAFF74929866E2800C9D53F /* ViewController.swift */ = {isa = PBXFileReference; lastKnownFileType = sourcecode.swift; path = ViewController.swift; sourceTree = "<group>"; };
		BFAFF74C29866E2800C9D53F /* Base */ = {isa = PBXFileReference; lastKnownFileType = file.storyboard; name = Base; path = Base.lproj/Main.storyboard; sourceTree = "<group>"; };
		BFAFF74E29866E2A00C9D53F /* Assets.xcassets */ = {isa = PBXFileReference; lastKnownFileType = folder.assetcatalog; path = Assets.xcassets; sourceTree = "<group>"; };
		BFAFF75129866E2A00C9D53F /* Base */ = {isa = PBXFileReference; lastKnownFileType = file.storyboard; name = Base; path = Base.lproj/LaunchScreen.storyboard; sourceTree = "<group>"; };
		BFAFF75329866E2A00C9D53F /* Info.plist */ = {isa = PBXFileReference; lastKnownFileType = text.plist.xml; path = Info.plist; sourceTree = "<group>"; };
		BFAFF7592986747100C9D53F /* Combine+UIControlPublisher.swift */ = {isa = PBXFileReference; lastKnownFileType = sourcecode.swift; path = "Combine+UIControlPublisher.swift"; sourceTree = "<group>"; };
		BFAFF75B298676AF00C9D53F /* ControlPublishable.swift */ = {isa = PBXFileReference; lastKnownFileType = sourcecode.swift; path = ControlPublishable.swift; sourceTree = "<group>"; };
		BFAFF75D298678EE00C9D53F /* UISlider+valuePublisher.swift */ = {isa = PBXFileReference; lastKnownFileType = sourcecode.swift; path = "UISlider+valuePublisher.swift"; sourceTree = "<group>"; };
/* End PBXFileReference section */

/* Begin PBXFrameworksBuildPhase section */
		BFAFF73F29866E2800C9D53F /* Frameworks */ = {
			isa = PBXFrameworksBuildPhase;
			buildActionMask = 2147483647;
			files = (
			);
			runOnlyForDeploymentPostprocessing = 0;
		};
/* End PBXFrameworksBuildPhase section */

/* Begin PBXGroup section */
		BFAFF73929866E2800C9D53F = {
			isa = PBXGroup;
			children = (
				BFAFF74429866E2800C9D53F /* ExampleApp-UIControlPublisher */,
				BFAFF74329866E2800C9D53F /* Products */,
			);
			sourceTree = "<group>";
		};
		BFAFF74329866E2800C9D53F /* Products */ = {
			isa = PBXGroup;
			children = (
				BFAFF74229866E2800C9D53F /* ExampleApp-UIControlPublisher.app */,
			);
			name = Products;
			sourceTree = "<group>";
		};
		BFAFF74429866E2800C9D53F /* ExampleApp-UIControlPublisher */ = {
			isa = PBXGroup;
			children = (
				BFAFF74529866E2800C9D53F /* AppDelegate.swift */,
				BFAFF74729866E2800C9D53F /* SceneDelegate.swift */,
				BFAFF74929866E2800C9D53F /* ViewController.swift */,
				BFAFF75D298678EE00C9D53F /* UISlider+valuePublisher.swift */,
				BFAFF75B298676AF00C9D53F /* ControlPublishable.swift */,
				BFAFF7592986747100C9D53F /* Combine+UIControlPublisher.swift */,
				BFAFF74B29866E2800C9D53F /* Main.storyboard */,
				BFAFF74E29866E2A00C9D53F /* Assets.xcassets */,
				BFAFF75029866E2A00C9D53F /* LaunchScreen.storyboard */,
				BFAFF75329866E2A00C9D53F /* Info.plist */,
			);
			path = "ExampleApp-UIControlPublisher";
			sourceTree = "<group>";
		};
/* End PBXGroup section */

/* Begin PBXNativeTarget section */
		BFAFF74129866E2800C9D53F /* ExampleApp-UIControlPublisher */ = {
			isa = PBXNativeTarget;
			buildConfigurationList = BFAFF75629866E2A00C9D53F /* Build configuration list for PBXNativeTarget "ExampleApp-UIControlPublisher" */;
			buildPhases = (
				BFAFF73E29866E2800C9D53F /* Sources */,
				BFAFF73F29866E2800C9D53F /* Frameworks */,
				BFAFF74029866E2800C9D53F /* Resources */,
			);
			buildRules = (
			);
			dependencies = (
			);
			name = "ExampleApp-UIControlPublisher";
			productName = "ExampleApp-UIControlPublisher";
			productReference = BFAFF74229866E2800C9D53F /* ExampleApp-UIControlPublisher.app */;
			productType = "com.apple.product-type.application";
		};
/* End PBXNativeTarget section */

/* Begin PBXProject section */
		BFAFF73A29866E2800C9D53F /* Project object */ = {
			isa = PBXProject;
			attributes = {
				BuildIndependentTargetsInParallel = 1;
				LastSwiftUpdateCheck = 1410;
				LastUpgradeCheck = 1410;
				TargetAttributes = {
					BFAFF74129866E2800C9D53F = {
						CreatedOnToolsVersion = 14.1;
					};
				};
			};
			buildConfigurationList = BFAFF73D29866E2800C9D53F /* Build configuration list for PBXProject "ExampleApp-UIControlPublisher" */;
			compatibilityVersion = "Xcode 14.0";
			developmentRegion = en;
			hasScannedForEncodings = 0;
			knownRegions = (
				en,
				Base,
			);
			mainGroup = BFAFF73929866E2800C9D53F;
			productRefGroup = BFAFF74329866E2800C9D53F /* Products */;
			projectDirPath = "";
			projectRoot = "";
			targets = (
				BFAFF74129866E2800C9D53F /* ExampleApp-UIControlPublisher */,
			);
		};
/* End PBXProject section */

/* Begin PBXResourcesBuildPhase section */
		BFAFF74029866E2800C9D53F /* Resources */ = {
			isa = PBXResourcesBuildPhase;
			buildActionMask = 2147483647;
			files = (
				BFAFF75229866E2A00C9D53F /* LaunchScreen.storyboard in Resources */,
				BFAFF74F29866E2A00C9D53F /* Assets.xcassets in Resources */,
				BFAFF74D29866E2800C9D53F /* Main.storyboard in Resources */,
			);
			runOnlyForDeploymentPostprocessing = 0;
		};
/* End PBXResourcesBuildPhase section */

/* Begin PBXSourcesBuildPhase section */
		BFAFF73E29866E2800C9D53F /* Sources */ = {
			isa = PBXSourcesBuildPhase;
			buildActionMask = 2147483647;
			files = (
				BFAFF75A2986747100C9D53F /* Combine+UIControlPublisher.swift in Sources */,
				BFAFF74A29866E2800C9D53F /* ViewController.swift in Sources */,
				BFAFF74629866E2800C9D53F /* AppDelegate.swift in Sources */,
				BFAFF75E298678EE00C9D53F /* UISlider+valuePublisher.swift in Sources */,
				BFAFF74829866E2800C9D53F /* SceneDelegate.swift in Sources */,
				BFAFF75C298676AF00C9D53F /* ControlPublishable.swift in Sources */,
			);
			runOnlyForDeploymentPostprocessing = 0;
		};
/* End PBXSourcesBuildPhase section */

/* Begin PBXVariantGroup section */
		BFAFF74B29866E2800C9D53F /* Main.storyboard */ = {
			isa = PBXVariantGroup;
			children = (
				BFAFF74C29866E2800C9D53F /* Base */,
			);
			name = Main.storyboard;
			sourceTree = "<group>";
		};
		BFAFF75029866E2A00C9D53F /* LaunchScreen.storyboard */ = {
			isa = PBXVariantGroup;
			children = (
				BFAFF75129866E2A00C9D53F /* Base */,
			);
			name = LaunchScreen.storyboard;
			sourceTree = "<group>";
		};
/* End PBXVariantGroup section */

/* Begin XCBuildConfiguration section */
		BFAFF75429866E2A00C9D53F /* Debug */ = {
			isa = XCBuildConfiguration;
			buildSettings = {
				ALWAYS_SEARCH_USER_PATHS = NO;
				CLANG_ANALYZER_NONNULL = YES;
				CLANG_ANALYZER_NUMBER_OBJECT_CONVERSION = YES_AGGRESSIVE;
				CLANG_CXX_LANGUAGE_STANDARD = "gnu++20";
				CLANG_ENABLE_MODULES = YES;
				CLANG_ENABLE_OBJC_ARC = YES;
				CLANG_ENABLE_OBJC_WEAK = YES;
				CLANG_WARN_BLOCK_CAPTURE_AUTORELEASING = YES;
				CLANG_WARN_BOOL_CONVERSION = YES;
				CLANG_WARN_COMMA = YES;
				CLANG_WARN_CONSTANT_CONVERSION = YES;
				CLANG_WARN_DEPRECATED_OBJC_IMPLEMENTATIONS = YES;
				CLANG_WARN_DIRECT_OBJC_ISA_USAGE = YES_ERROR;
				CLANG_WARN_DOCUMENTATION_COMMENTS = YES;
				CLANG_WARN_EMPTY_BODY = YES;
				CLANG_WARN_ENUM_CONVERSION = YES;
				CLANG_WARN_INFINITE_RECURSION = YES;
				CLANG_WARN_INT_CONVERSION = YES;
				CLANG_WARN_NON_LITERAL_NULL_CONVERSION = YES;
				CLANG_WARN_OBJC_IMPLICIT_RETAIN_SELF = YES;
				CLANG_WARN_OBJC_LITERAL_CONVERSION = YES;
				CLANG_WARN_OBJC_ROOT_CLASS = YES_ERROR;
				CLANG_WARN_QUOTED_INCLUDE_IN_FRAMEWORK_HEADER = YES;
				CLANG_WARN_RANGE_LOOP_ANALYSIS = YES;
				CLANG_WARN_STRICT_PROTOTYPES = YES;
				CLANG_WARN_SUSPICIOUS_MOVE = YES;
				CLANG_WARN_UNGUARDED_AVAILABILITY = YES_AGGRESSIVE;
				CLANG_WARN_UNREACHABLE_CODE = YES;
				CLANG_WARN__DUPLICATE_METHOD_MATCH = YES;
				COPY_PHASE_STRIP = NO;
				DEBUG_INFORMATION_FORMAT = dwarf;
				ENABLE_STRICT_OBJC_MSGSEND = YES;
				ENABLE_TESTABILITY = YES;
				GCC_C_LANGUAGE_STANDARD = gnu11;
				GCC_DYNAMIC_NO_PIC = NO;
				GCC_NO_COMMON_BLOCKS = YES;
				GCC_OPTIMIZATION_LEVEL = 0;
				GCC_PREPROCESSOR_DEFINITIONS = (
					"DEBUG=1",
					"$(inherited)",
				);
				GCC_WARN_64_TO_32_BIT_CONVERSION = YES;
				GCC_WARN_ABOUT_RETURN_TYPE = YES_ERROR;
				GCC_WARN_UNDECLARED_SELECTOR = YES;
				GCC_WARN_UNINITIALIZED_AUTOS = YES_AGGRESSIVE;
				GCC_WARN_UNUSED_FUNCTION = YES;
				GCC_WARN_UNUSED_VARIABLE = YES;
				IPHONEOS_DEPLOYMENT_TARGET = 16.1;
				MTL_ENABLE_DEBUG_INFO = INCLUDE_SOURCE;
				MTL_FAST_MATH = YES;
				ONLY_ACTIVE_ARCH = YES;
				SDKROOT = iphoneos;
				SWIFT_ACTIVE_COMPILATION_CONDITIONS = DEBUG;
				SWIFT_OPTIMIZATION_LEVEL = "-Onone";
			};
			name = Debug;
		};
		BFAFF75529866E2A00C9D53F /* Release */ = {
			isa = XCBuildConfiguration;
			buildSettings = {
				ALWAYS_SEARCH_USER_PATHS = NO;
				CLANG_ANALYZER_NONNULL = YES;
				CLANG_ANALYZER_NUMBER_OBJECT_CONVERSION = YES_AGGRESSIVE;
				CLANG_CXX_LANGUAGE_STANDARD = "gnu++20";
				CLANG_ENABLE_MODULES = YES;
				CLANG_ENABLE_OBJC_ARC = YES;
				CLANG_ENABLE_OBJC_WEAK = YES;
				CLANG_WARN_BLOCK_CAPTURE_AUTORELEASING = YES;
				CLANG_WARN_BOOL_CONVERSION = YES;
				CLANG_WARN_COMMA = YES;
				CLANG_WARN_CONSTANT_CONVERSION = YES;
				CLANG_WARN_DEPRECATED_OBJC_IMPLEMENTATIONS = YES;
				CLANG_WARN_DIRECT_OBJC_ISA_USAGE = YES_ERROR;
				CLANG_WARN_DOCUMENTATION_COMMENTS = YES;
				CLANG_WARN_EMPTY_BODY = YES;
				CLANG_WARN_ENUM_CONVERSION = YES;
				CLANG_WARN_INFINITE_RECURSION = YES;
				CLANG_WARN_INT_CONVERSION = YES;
				CLANG_WARN_NON_LITERAL_NULL_CONVERSION = YES;
				CLANG_WARN_OBJC_IMPLICIT_RETAIN_SELF = YES;
				CLANG_WARN_OBJC_LITERAL_CONVERSION = YES;
				CLANG_WARN_OBJC_ROOT_CLASS = YES_ERROR;
				CLANG_WARN_QUOTED_INCLUDE_IN_FRAMEWORK_HEADER = YES;
				CLANG_WARN_RANGE_LOOP_ANALYSIS = YES;
				CLANG_WARN_STRICT_PROTOTYPES = YES;
				CLANG_WARN_SUSPICIOUS_MOVE = YES;
				CLANG_WARN_UNGUARDED_AVAILABILITY = YES_AGGRESSIVE;
				CLANG_WARN_UNREACHABLE_CODE = YES;
				CLANG_WARN__DUPLICATE_METHOD_MATCH = YES;
				COPY_PHASE_STRIP = NO;
				DEBUG_INFORMATION_FORMAT = "dwarf-with-dsym";
				ENABLE_NS_ASSERTIONS = NO;
				ENABLE_STRICT_OBJC_MSGSEND = YES;
				GCC_C_LANGUAGE_STANDARD = gnu11;
				GCC_NO_COMMON_BLOCKS = YES;
				GCC_WARN_64_TO_32_BIT_CONVERSION = YES;
				GCC_WARN_ABOUT_RETURN_TYPE = YES_ERROR;
				GCC_WARN_UNDECLARED_SELECTOR = YES;
				GCC_WARN_UNINITIALIZED_AUTOS = YES_AGGRESSIVE;
				GCC_WARN_UNUSED_FUNCTION = YES;
				GCC_WARN_UNUSED_VARIABLE = YES;
				IPHONEOS_DEPLOYMENT_TARGET = 16.1;
				MTL_ENABLE_DEBUG_INFO = NO;
				MTL_FAST_MATH = YES;
				SDKROOT = iphoneos;
				SWIFT_COMPILATION_MODE = wholemodule;
				SWIFT_OPTIMIZATION_LEVEL = "-O";
				VALIDATE_PRODUCT = YES;
			};
			name = Release;
		};
		BFAFF75729866E2A00C9D53F /* Debug */ = {
			isa = XCBuildConfiguration;
			buildSettings = {
				ASSETCATALOG_COMPILER_APPICON_NAME = AppIcon;
				ASSETCATALOG_COMPILER_GLOBAL_ACCENT_COLOR_NAME = AccentColor;
				CODE_SIGN_STYLE = Automatic;
				CURRENT_PROJECT_VERSION = 1;
				DEVELOPMENT_TEAM = Z4DAU59V98;
				GENERATE_INFOPLIST_FILE = YES;
				INFOPLIST_FILE = "ExampleApp-UIControlPublisher/Info.plist";
				INFOPLIST_KEY_UIApplicationSupportsIndirectInputEvents = YES;
				INFOPLIST_KEY_UILaunchStoryboardName = LaunchScreen;
				INFOPLIST_KEY_UIMainStoryboardFile = Main;
				INFOPLIST_KEY_UISupportedInterfaceOrientations_iPad = "UIInterfaceOrientationPortrait UIInterfaceOrientationPortraitUpsideDown UIInterfaceOrientationLandscapeLeft UIInterfaceOrientationLandscapeRight";
				INFOPLIST_KEY_UISupportedInterfaceOrientations_iPhone = "UIInterfaceOrientationPortrait UIInterfaceOrientationLandscapeLeft UIInterfaceOrientationLandscapeRight";
				IPHONEOS_DEPLOYMENT_TARGET = 14.1;
				LD_RUNPATH_SEARCH_PATHS = (
					"$(inherited)",
					"@executable_path/Frameworks",
				);
				MARKETING_VERSION = 1.0;
				PRODUCT_BUNDLE_IDENTIFIER = "ua.advanc3d.ExampleApp-UIControlPublisher";
				PRODUCT_NAME = "$(TARGET_NAME)";
				SWIFT_EMIT_LOC_STRINGS = YES;
				SWIFT_VERSION = 5.0;
				TARGETED_DEVICE_FAMILY = "1,2";
			};
			name = Debug;
		};
		BFAFF75829866E2A00C9D53F /* Release */ = {
			isa = XCBuildConfiguration;
			buildSettings = {
				ASSETCATALOG_COMPILER_APPICON_NAME = AppIcon;
				ASSETCATALOG_COMPILER_GLOBAL_ACCENT_COLOR_NAME = AccentColor;
				CODE_SIGN_STYLE = Automatic;
				CURRENT_PROJECT_VERSION = 1;
				DEVELOPMENT_TEAM = Z4DAU59V98;
				GENERATE_INFOPLIST_FILE = YES;
				INFOPLIST_FILE = "ExampleApp-UIControlPublisher/Info.plist";
				INFOPLIST_KEY_UIApplicationSupportsIndirectInputEvents = YES;
				INFOPLIST_KEY_UILaunchStoryboardName = LaunchScreen;
				INFOPLIST_KEY_UIMainStoryboardFile = Main;
				INFOPLIST_KEY_UISupportedInterfaceOrientations_iPad = "UIInterfaceOrientationPortrait UIInterfaceOrientationPortraitUpsideDown UIInterfaceOrientationLandscapeLeft UIInterfaceOrientationLandscapeRight";
				INFOPLIST_KEY_UISupportedInterfaceOrientations_iPhone = "UIInterfaceOrientationPortrait UIInterfaceOrientationLandscapeLeft UIInterfaceOrientationLandscapeRight";
				IPHONEOS_DEPLOYMENT_TARGET = 14.1;
				LD_RUNPATH_SEARCH_PATHS = (
					"$(inherited)",
					"@executable_path/Frameworks",
				);
				MARKETING_VERSION = 1.0;
				PRODUCT_BUNDLE_IDENTIFIER = "ua.advanc3d.ExampleApp-UIControlPublisher";
				PRODUCT_NAME = "$(TARGET_NAME)";
				SWIFT_EMIT_LOC_STRINGS = YES;
				SWIFT_VERSION = 5.0;
				TARGETED_DEVICE_FAMILY = "1,2";
			};
			name = Release;
		};
/* End XCBuildConfiguration section */

/* Begin XCConfigurationList section */
		BFAFF73D29866E2800C9D53F /* Build configuration list for PBXProject "ExampleApp-UIControlPublisher" */ = {
			isa = XCConfigurationList;
			buildConfigurations = (
				BFAFF75429866E2A00C9D53F /* Debug */,
				BFAFF75529866E2A00C9D53F /* Release */,
			);
			defaultConfigurationIsVisible = 0;
			defaultConfigurationName = Release;
		};
		BFAFF75629866E2A00C9D53F /* Build configuration list for PBXNativeTarget "ExampleApp-UIControlPublisher" */ = {
			isa = XCConfigurationList;
			buildConfigurations = (
				BFAFF75729866E2A00C9D53F /* Debug */,
				BFAFF75829866E2A00C9D53F /* Release */,
			);
			defaultConfigurationIsVisible = 0;
			defaultConfigurationName = Release;
		};
/* End XCConfigurationList section */
	};
	rootObject = BFAFF73A29866E2800C9D53F /* Project object */;
}
